
Microsoft Visual Studio Solution File, Format Version 12.00
# Visual Studio Version 17
VisualStudioVersion = 17.1.32210.238
MinimumVisualStudioVersion = 10.0.40219.1
Project("{FAE04EC0-301F-11D3-BF4B-00C04F79EFBC}") = "ConsoleApp1", "ConsoleApp1\ConsoleApp1.csproj", "{02D2610F-4FAF-4CD4-B038-0879D35A73FB}"
EndProject
Global
	GlobalSection(SolutionConfigurationPlatforms) = preSolution
		Debug|Any CPU = Debug|Any CPU
		Release|Any CPU = Release|Any CPU
	EndGlobalSection
	GlobalSection(ProjectConfigurationPlatforms) = postSolution
		{02D2610F-4FAF-4CD4-B038-0879D35A73FB}.Debug|Any CPU.ActiveCfg = Debug|Any CPU
		{02D2610F-4FAF-4CD4-B038-0879D35A73FB}.Debug|Any CPU.Build.0 = Debug|Any CPU
		{02D2610F-4FAF-4CD4-B038-0879D35A73FB}.Release|Any CPU.ActiveCfg = Release|Any CPU
		{02D2610F-4FAF-4CD4-B038-0879D35A73FB}.Release|Any CPU.Build.0 = Release|Any CPU
	EndGlobalSection
	GlobalSection(SolutionProperties) = preSolution
		HideSolutionNode = FALSE
	EndGlobalSection
	GlobalSection(ExtensibilityGlobals) = postSolution
		SolutionGuid = {7C764F96-1EEF-41D9-AAC8-663DDEBA64E7}
	EndGlobalSection
EndGlobal
